{
  "name": "cli",
  "version": "0.0.0-pre.3",
  "lockfileVersion": 2,
  "requires": true,
  "packages": {
    "": {
      "version": "0.0.0-pre.3",
      "devDependencies": {
        "ory-prettier-styles": "1.1.1",
        "prettier": "2.2.1"
      }
    },
    "node_modules/ory-prettier-styles": {
      "version": "1.1.1",
      "resolved": "https://registry.npmjs.org/ory-prettier-styles/-/ory-prettier-styles-1.1.1.tgz",
      "integrity": "sha512-Kv5GUQw0nFDO6w/HcIMNQAh75QeG4ZhrpNuRJaHSlsTvTx9rwpr+bVfeXrhXQsovUW51PF6OvLW3LA0AdDdSzw==",
      "dev": true
    },
    "node_modules/prettier": {
      "version": "2.2.1",
      "resolved": "https://registry.npmjs.org/prettier/-/prettier-2.2.1.tgz",
      "integrity": "sha512-PqyhM2yCjg/oKkFPtTGUojv7gnZAoG80ttl45O6x2Ug/rMJw4wcc9k6aaf2hibP7BGVCCM33gZoGjyvt9mm16Q==",
      "dev": true,
      "bin": {
        "prettier": "bin-prettier.js"
      },
      "engines": {
        "node": ">=10.13.0"
      }
    }
  },
  "dependencies": {
    "ory-prettier-styles": {
      "version": "1.1.1",
      "resolved": "https://registry.npmjs.org/ory-prettier-styles/-/ory-prettier-styles-1.1.1.tgz",
      "integrity": "sha512-Kv5GUQw0nFDO6w/HcIMNQAh75QeG4ZhrpNuRJaHSlsTvTx9rwpr+bVfeXrhXQsovUW51PF6OvLW3LA0AdDdSzw==",
      "dev": true
    },
    "prettier": {
      "version": "2.2.1",
      "resolved": "https://registry.npmjs.org/prettier/-/prettier-2.2.1.tgz",
      "integrity": "sha512-PqyhM2yCjg/oKkFPtTGUojv7gnZAoG80ttl45O6x2Ug/rMJw4wcc9k6aaf2hibP7BGVCCM33gZoGjyvt9mm16Q==",
      "dev": true
    }
  }
}
